
Microsoft Visual Studio Solution File, Format Version 12.00
# Visual Studio Version 17
VisualStudioVersion = 17.7.34009.444
MinimumVisualStudioVersion = 10.0.40219.1
Project("{FAE04EC0-301F-11D3-BF4B-00C04F79EFBC}") = "TariffCalculator", "TariffCalculator\TariffCalculator.csproj", "{AE7B9072-D883-4AB9-9F35-F5062B8BBFD0}"
EndProject
Global
	GlobalSection(SolutionConfigurationPlatforms) = preSolution
		Debug|Any CPU = Debug|Any CPU
		Release|Any CPU = Release|Any CPU
	EndGlobalSection
	GlobalSection(ProjectConfigurationPlatforms) = postSolution
		{AE7B9072-D883-4AB9-9F35-F5062B8BBFD0}.Debug|Any CPU.ActiveCfg = Debug|Any CPU
		{AE7B9072-D883-4AB9-9F35-F5062B8BBFD0}.Debug|Any CPU.Build.0 = Debug|Any CPU
		{AE7B9072-D883-4AB9-9F35-F5062B8BBFD0}.Release|Any CPU.ActiveCfg = Release|Any CPU
		{AE7B9072-D883-4AB9-9F35-F5062B8BBFD0}.Release|Any CPU.Build.0 = Release|Any CPU
	EndGlobalSection
	GlobalSection(SolutionProperties) = preSolution
		HideSolutionNode = FALSE
	EndGlobalSection
	GlobalSection(ExtensibilityGlobals) = postSolution
		SolutionGuid = {967A3133-D31C-4DB7-9D8F-DA24FD547A6D}
	EndGlobalSection
EndGlobal
